{
  "name": "@zimtsui/time-engine-like",
  "version": "0.0.1",
  "lockfileVersion": 2,
  "requires": true,
  "packages": {
    "": {
      "name": "@zimtsui/time-engine-like",
      "version": "0.0.1",
      "license": "MIT",
      "dependencies": {
        "@zimtsui/coroutine-locks": "^0.0.13",
        "autobind-decorator": "^2.4.0"
      }
    },
    "node_modules/@types/assert": {
      "version": "1.5.6",
      "resolved": "https://registry.npmjs.org/@types/assert/-/assert-1.5.6.tgz",
      "integrity": "sha512-Y7gDJiIqb9qKUHfBQYOWGngUpLORtirAVPuj/CWJrU2C6ZM4/y3XLwuwfGMF8s7QzW746LQZx23m0+1FSgjfug=="
    },
    "node_modules/@types/events": {
      "version": "3.0.0",
      "resolved": "https://registry.npmjs.org/@types/events/-/events-3.0.0.tgz",
      "integrity": "sha512-EaObqwIvayI5a8dCzhFrjKzVwKLxjoG9T6Ppd5CEo07LRKfQ8Yokw54r5+Wq7FaBQ+yXRvQAYPrHwya1/UFt9g=="
    },
    "node_modules/@zimtsui/coroutine-locks": {
      "version": "0.0.13",
      "resolved": "https://registry.npmjs.org/@zimtsui/coroutine-locks/-/coroutine-locks-0.0.13.tgz",
      "integrity": "sha512-ycn/sgUiUixjOBwDakYijf6Lh1ORpnezVISmflxQ67y+pSkffLek+yb5Dd2FZz1lZcpiniG+DTkwbkSE+13Xpg==",
      "dependencies": {
        "@types/assert": "^1.5.6",
        "@types/events": "^3.0.0",
        "@zimtsui/deque": "^0.0.7",
        "assert": "^1.5.0",
        "events": "^3.3.0"
      }
    },
    "node_modules/@zimtsui/deque": {
      "version": "0.0.7",
      "resolved": "https://registry.npmjs.org/@zimtsui/deque/-/deque-0.0.7.tgz",
      "integrity": "sha512-W1Uk86CFIV6efqhSX1HXNmWBfH7HSBvnwUSXzWD2zNTbMnZ8u6JZ+rCg9CVf8ulYQKxzw8KE3vDqzNcARbfgqg==",
      "dependencies": {
        "@types/assert": "^1.5.6",
        "@zimtsui/linked-list": "^0.0.2",
        "assert": "^1.5.0"
      }
    },
    "node_modules/@zimtsui/linked-list": {
      "version": "0.0.2",
      "resolved": "https://registry.npmjs.org/@zimtsui/linked-list/-/linked-list-0.0.2.tgz",
      "integrity": "sha512-V+lxkM1j9a9EwX2BjVYyI75Q+BcScEGCU3Lxyi1QJr5/1vW1+6lGa1UCqXOfjANzD6USLt/4JBxVMyaK/zv2jA==",
      "dependencies": {
        "@types/assert": "^1.5.6",
        "assert": "^1.5.0"
      }
    },
    "node_modules/assert": {
      "version": "1.5.0",
      "resolved": "https://registry.npmjs.org/assert/-/assert-1.5.0.tgz",
      "integrity": "sha512-EDsgawzwoun2CZkCgtxJbv392v4nbk9XDD06zI+kQYoBM/3RBWLlEyJARDOmhAAosBjWACEkKL6S+lIZtcAubA==",
      "dependencies": {
        "object-assign": "^4.1.1",
        "util": "0.10.3"
      }
    },
    "node_modules/autobind-decorator": {
      "version": "2.4.0",
      "resolved": "https://registry.npmmirror.com/autobind-decorator/-/autobind-decorator-2.4.0.tgz",
      "integrity": "sha512-OGYhWUO72V6DafbF8PM8rm3EPbfuyMZcJhtm5/n26IDwO18pohE4eNazLoCGhPiXOCD0gEGmrbU3849QvM8bbw==",
      "engines": {
        "node": ">=8.10",
        "npm": ">=6.4.1"
      }
    },
    "node_modules/events": {
      "version": "3.3.0",
      "resolved": "https://registry.npmjs.org/events/-/events-3.3.0.tgz",
      "integrity": "sha512-mQw+2fkQbALzQ7V0MY0IqdnXNOeTtP4r0lN9z7AAawCXgqea7bDii20AYrIBrFd/Hx0M2Ocz6S111CaFkUcb0Q==",
      "engines": {
        "node": ">=0.8.x"
      }
    },
    "node_modules/inherits": {
      "version": "2.0.1",
      "resolved": "https://registry.npmjs.org/inherits/-/inherits-2.0.1.tgz",
      "integrity": "sha512-8nWq2nLTAwd02jTqJExUYFSD/fKq6VH9Y/oG2accc/kdI0V98Bag8d5a4gi3XHz73rDWa2PvTtvcWYquKqSENA=="
    },
    "node_modules/object-assign": {
      "version": "4.1.1",
      "resolved": "https://registry.npmjs.org/object-assign/-/object-assign-4.1.1.tgz",
      "integrity": "sha512-rJgTQnkUnH1sFw8yT6VSU3zD3sWmu6sZhIseY8VX+GRu3P6F7Fu+JNDoXfklElbLJSnc3FUQHVe4cU5hj+BcUg==",
      "engines": {
        "node": ">=0.10.0"
      }
    },
    "node_modules/util": {
      "version": "0.10.3",
      "resolved": "https://registry.npmjs.org/util/-/util-0.10.3.tgz",
      "integrity": "sha512-5KiHfsmkqacuKjkRkdV7SsfDJ2EGiPsK92s2MhNSY0craxjTdKTtqKsJaCWp4LW33ZZ0OPUv1WO/TFvNQRiQxQ==",
      "dependencies": {
        "inherits": "2.0.1"
      }
    }
  },
  "dependencies": {
    "@types/assert": {
      "version": "1.5.6",
      "resolved": "https://registry.npmjs.org/@types/assert/-/assert-1.5.6.tgz",
      "integrity": "sha512-Y7gDJiIqb9qKUHfBQYOWGngUpLORtirAVPuj/CWJrU2C6ZM4/y3XLwuwfGMF8s7QzW746LQZx23m0+1FSgjfug=="
    },
    "@types/events": {
      "version": "3.0.0",
      "resolved": "https://registry.npmjs.org/@types/events/-/events-3.0.0.tgz",
      "integrity": "sha512-EaObqwIvayI5a8dCzhFrjKzVwKLxjoG9T6Ppd5CEo07LRKfQ8Yokw54r5+Wq7FaBQ+yXRvQAYPrHwya1/UFt9g=="
    },
    "@zimtsui/coroutine-locks": {
      "version": "0.0.13",
      "resolved": "https://registry.npmjs.org/@zimtsui/coroutine-locks/-/coroutine-locks-0.0.13.tgz",
      "integrity": "sha512-ycn/sgUiUixjOBwDakYijf6Lh1ORpnezVISmflxQ67y+pSkffLek+yb5Dd2FZz1lZcpiniG+DTkwbkSE+13Xpg==",
      "requires": {
        "@types/assert": "^1.5.6",
        "@types/events": "^3.0.0",
        "@zimtsui/deque": "^0.0.7",
        "assert": "^1.5.0",
        "events": "^3.3.0"
      }
    },
    "@zimtsui/deque": {
      "version": "0.0.7",
      "resolved": "https://registry.npmjs.org/@zimtsui/deque/-/deque-0.0.7.tgz",
      "integrity": "sha512-W1Uk86CFIV6efqhSX1HXNmWBfH7HSBvnwUSXzWD2zNTbMnZ8u6JZ+rCg9CVf8ulYQKxzw8KE3vDqzNcARbfgqg==",
      "requires": {
        "@types/assert": "^1.5.6",
        "@zimtsui/linked-list": "^0.0.2",
        "assert": "^1.5.0"
      }
    },
    "@zimtsui/linked-list": {
      "version": "0.0.2",
      "resolved": "https://registry.npmjs.org/@zimtsui/linked-list/-/linked-list-0.0.2.tgz",
      "integrity": "sha512-V+lxkM1j9a9EwX2BjVYyI75Q+BcScEGCU3Lxyi1QJr5/1vW1+6lGa1UCqXOfjANzD6USLt/4JBxVMyaK/zv2jA==",
      "requires": {
        "@types/assert": "^1.5.6",
        "assert": "^1.5.0"
      }
    },
    "assert": {
      "version": "1.5.0",
      "resolved": "https://registry.npmjs.org/assert/-/assert-1.5.0.tgz",
      "integrity": "sha512-EDsgawzwoun2CZkCgtxJbv392v4nbk9XDD06zI+kQYoBM/3RBWLlEyJARDOmhAAosBjWACEkKL6S+lIZtcAubA==",
      "requires": {
        "object-assign": "^4.1.1",
        "util": "0.10.3"
      }
    },
    "autobind-decorator": {
      "version": "2.4.0",
      "resolved": "https://registry.npmmirror.com/autobind-decorator/-/autobind-decorator-2.4.0.tgz",
      "integrity": "sha512-OGYhWUO72V6DafbF8PM8rm3EPbfuyMZcJhtm5/n26IDwO18pohE4eNazLoCGhPiXOCD0gEGmrbU3849QvM8bbw=="
    },
    "events": {
      "version": "3.3.0",
      "resolved": "https://registry.npmjs.org/events/-/events-3.3.0.tgz",
      "integrity": "sha512-mQw+2fkQbALzQ7V0MY0IqdnXNOeTtP4r0lN9z7AAawCXgqea7bDii20AYrIBrFd/Hx0M2Ocz6S111CaFkUcb0Q=="
    },
    "inherits": {
      "version": "2.0.1",
      "resolved": "https://registry.npmjs.org/inherits/-/inherits-2.0.1.tgz",
      "integrity": "sha512-8nWq2nLTAwd02jTqJExUYFSD/fKq6VH9Y/oG2accc/kdI0V98Bag8d5a4gi3XHz73rDWa2PvTtvcWYquKqSENA=="
    },
    "object-assign": {
      "version": "4.1.1",
      "resolved": "https://registry.npmjs.org/object-assign/-/object-assign-4.1.1.tgz",
      "integrity": "sha512-rJgTQnkUnH1sFw8yT6VSU3zD3sWmu6sZhIseY8VX+GRu3P6F7Fu+JNDoXfklElbLJSnc3FUQHVe4cU5hj+BcUg=="
    },
    "util": {
      "version": "0.10.3",
      "resolved": "https://registry.npmjs.org/util/-/util-0.10.3.tgz",
      "integrity": "sha512-5KiHfsmkqacuKjkRkdV7SsfDJ2EGiPsK92s2MhNSY0craxjTdKTtqKsJaCWp4LW33ZZ0OPUv1WO/TFvNQRiQxQ==",
      "requires": {
        "inherits": "2.0.1"
      }
    }
  }
}
