{
  "name": "time-engine-like",
  "version": "0.0.1",
  "lockfileVersion": 2,
  "requires": true,
  "packages": {
    "": {
      "name": "time-engine-like",
      "version": "0.0.1",
      "dependencies": {
        "@zimtsui/manual-promise": "^0.0.2"
      }
    },
    "node_modules/@zimtsui/manual-promise": {
      "version": "0.0.2",
      "resolved": "https://registry.npmmirror.com/@zimtsui/manual-promise/-/manual-promise-0.0.2.tgz",
      "integrity": "sha512-BxkF3+ncq7FiZVcjKuV9mCvmlwtiqgLbYgvyTOGN0G0/dKbvVqNrMv3mxjWUCeYO5g7ptNMBBVgehDRbcqQFmA=="
    }
  },
  "dependencies": {
    "@zimtsui/manual-promise": {
      "version": "0.0.2",
      "resolved": "https://registry.npmmirror.com/@zimtsui/manual-promise/-/manual-promise-0.0.2.tgz",
      "integrity": "sha512-BxkF3+ncq7FiZVcjKuV9mCvmlwtiqgLbYgvyTOGN0G0/dKbvVqNrMv3mxjWUCeYO5g7ptNMBBVgehDRbcqQFmA=="
    }
  }
}
