{
  "name": "time-engine-like",
  "version": "0.0.1",
  "lockfileVersion": 2,
  "requires": true,
  "packages": {
    "": {
      "name": "time-engine-like",
      "version": "0.0.1",
      "dependencies": {
        "@zimtsui/manual-promise": "^0.0.6",
        "autobind-decorator": "^2.4.0"
      }
    },
    "node_modules/@zimtsui/manual-promise": {
      "version": "0.0.6",
      "resolved": "https://registry.npmmirror.com/@zimtsui/manual-promise/-/manual-promise-0.0.6.tgz",
      "integrity": "sha512-XgiyvDT3RzVP3QtbQsLS24+q5PhJ9AZ3Tl/TrxWRsbl+d2LBUpvncNhUe/VTqWr9SFoPByo6+p6g2I8McI1Ipg=="
    },
    "node_modules/autobind-decorator": {
      "version": "2.4.0",
      "resolved": "https://registry.npmmirror.com/autobind-decorator/-/autobind-decorator-2.4.0.tgz",
      "integrity": "sha512-OGYhWUO72V6DafbF8PM8rm3EPbfuyMZcJhtm5/n26IDwO18pohE4eNazLoCGhPiXOCD0gEGmrbU3849QvM8bbw==",
      "engines": {
        "node": ">=8.10",
        "npm": ">=6.4.1"
      }
    }
  },
  "dependencies": {
    "@zimtsui/manual-promise": {
      "version": "0.0.6",
      "resolved": "https://registry.npmmirror.com/@zimtsui/manual-promise/-/manual-promise-0.0.6.tgz",
      "integrity": "sha512-XgiyvDT3RzVP3QtbQsLS24+q5PhJ9AZ3Tl/TrxWRsbl+d2LBUpvncNhUe/VTqWr9SFoPByo6+p6g2I8McI1Ipg=="
    },
    "autobind-decorator": {
      "version": "2.4.0",
      "resolved": "https://registry.npmmirror.com/autobind-decorator/-/autobind-decorator-2.4.0.tgz",
      "integrity": "sha512-OGYhWUO72V6DafbF8PM8rm3EPbfuyMZcJhtm5/n26IDwO18pohE4eNazLoCGhPiXOCD0gEGmrbU3849QvM8bbw=="
    }
  }
}
